
Microsoft Visual Studio Solution File, Format Version 12.00
# Visual Studio Version 16
VisualStudioVersion = 16.0.31025.194
MinimumVisualStudioVersion = 10.0.40219.1
Project("{FAE04EC0-301F-11D3-BF4B-00C04F79EFBC}") = "Movies", "Movies\Movies.csproj", "{1404F13B-F428-4C5C-B1AE-AE80AF3D22F4}"
EndProject
Global
	GlobalSection(SolutionConfigurationPlatforms) = preSolution
		Debug|Any CPU = Debug|Any CPU
		Release|Any CPU = Release|Any CPU
	EndGlobalSection
	GlobalSection(ProjectConfigurationPlatforms) = postSolution
		{1404F13B-F428-4C5C-B1AE-AE80AF3D22F4}.Debug|Any CPU.ActiveCfg = Debug|Any CPU
		{1404F13B-F428-4C5C-B1AE-AE80AF3D22F4}.Debug|Any CPU.Build.0 = Debug|Any CPU
		{1404F13B-F428-4C5C-B1AE-AE80AF3D22F4}.Release|Any CPU.ActiveCfg = Release|Any CPU
		{1404F13B-F428-4C5C-B1AE-AE80AF3D22F4}.Release|Any CPU.Build.0 = Release|Any CPU
	EndGlobalSection
	GlobalSection(SolutionProperties) = preSolution
		HideSolutionNode = FALSE
	EndGlobalSection
	GlobalSection(ExtensibilityGlobals) = postSolution
		SolutionGuid = {A33D036E-D6D1-46E5-94BE-58E717B875DB}
	EndGlobalSection
EndGlobal
